{
  "pins" : [
    {
      "identity" : "request-operation-ios",
      "kind" : "remoteSourceControl",
      "location" : "https://github.com/CruGlobal/request-operation-ios.git",
      "state" : {
        "revision" : "165a4124e396214b759e40f1e4e69575d2a257f2",
        "version" : "1.5.1"
      }
    },
    {
      "identity" : "weather-app-kotlin",
      "kind" : "remoteSourceControl",
      "location" : "https://github.com/levieggertcru/weather-app-kotlin.git",
      "state" : {
        "revision" : "f32d70a7888e882f2449ab050902b43f8c8c11dc",
        "version" : "0.6.4"
      }
    }
  ],
  "version" : 2
}
