{
  "pins" : [
    {
      "identity" : "request-operation-ios",
      "kind" : "remoteSourceControl",
      "location" : "https://github.com/CruGlobal/request-operation-ios.git",
      "state" : {
        "revision" : "165a4124e396214b759e40f1e4e69575d2a257f2",
        "version" : "1.5.1"
      }
    },
    {
      "identity" : "weather-app-kotlin",
      "kind" : "remoteSourceControl",
      "location" : "https://github.com/levieggertcru/weather-app-kotlin.git",
      "state" : {
        "revision" : "8c3af836c458f9e9656e9555ed3bb68faa3ecb3a",
        "version" : "0.4.5"
      }
    }
  ],
  "version" : 2
}
